<?xml version="1.0" encoding="utf-8"?>
<Project ToolsVersion="4.0" xmlns="http://schemas.microsoft.com/developer/msbuild/2003">
  <ItemGroup>
    <Filter Include="Form Files">
      <UniqueIdentifier>{99349809-55BA-4b9d-BF79-8FDBB0286EB3}</UniqueIdentifier>
      <Extensions>ui</Extensions>
      <ParseFiles>false</ParseFiles>
    </Filter>
    <Filter Include="Form Files">
      <UniqueIdentifier>{99349809-55BA-4b9d-BF79-8FDBB0286EB3}</UniqueIdentifier>
      <Extensions>ui</Extensions>
      <ParseFiles>false</ParseFiles>
    </Filter>
    <Filter Include="Generated Files">
      <UniqueIdentifier>{71ED8ED8-ACB9-4CE9-BBE1-E00B30144E11}</UniqueIdentifier>
      <Extensions>cpp;c;cxx;moc;h;def;odl;idl;res;</Extensions>
    </Filter>
    <Filter Include="Generated Files">
      <UniqueIdentifier>{71ED8ED8-ACB9-4CE9-BBE1-E00B30144E11}</UniqueIdentifier>
      <Extensions>cpp;c;cxx;moc;h;def;odl;idl;res;</Extensions>
    </Filter>
    <Filter Include="Header Files">
      <UniqueIdentifier>{93995380-89BD-4b04-88EB-625FBE52EBFB}</UniqueIdentifier>
      <Extensions>h;hpp;hxx;hm;inl;inc;xsd</Extensions>
    </Filter>
    <Filter Include="Header Files">
      <UniqueIdentifier>{93995380-89BD-4b04-88EB-625FBE52EBFB}</UniqueIdentifier>
      <Extensions>h;hpp;hxx;hm;inl;inc;xsd</Extensions>
    </Filter>
    <Filter Include="Source Files">
      <UniqueIdentifier>{4FC737F1-C7A5-4376-A066-2A32D752A2FF}</UniqueIdentifier>
      <Extensions>cpp;c;cxx;def;odl;idl;hpj;bat;asm;asmx</Extensions>
    </Filter>
    <Filter Include="Source Files">
      <UniqueIdentifier>{4FC737F1-C7A5-4376-A066-2A32D752A2FF}</UniqueIdentifier>
      <Extensions>cpp;c;cxx;def;odl;idl;hpj;bat;asm;asmx</Extensions>
    </Filter>
    <Filter Include="Generated Files\Debug">
      <UniqueIdentifier>{52632538-81b7-492d-a2d6-b7bdf35fcfb8}</UniqueIdentifier>
      <Extensions>cpp;moc</Extensions>
      <SourceControlFiles>False</SourceControlFiles>
    </Filter>
    <Filter Include="Generated Files\Release">
      <UniqueIdentifier>{4482d10f-c4c7-4d08-9a84-1fab8cdaabe8}</UniqueIdentifier>
      <Extensions>cpp;moc</Extensions>
      <SourceControlFiles>False</SourceControlFiles>
    </Filter>
  </ItemGroup>
  <ItemGroup>
    <ClCompile Include="classmanage.cpp">
      <Filter>Source Files</Filter>
    </ClCompile>
    <ClCompile Include="downloadfile.cpp">
      <Filter>Source Files</Filter>
    </ClCompile>
    <ClCompile Include="downloadmanage.cpp">
      <Filter>Source Files</Filter>
    </ClCompile>
    <ClCompile Include="editnote.cpp">
      <Filter>Source Files</Filter>
    </ClCompile>
    <ClCompile Include="homeworktool.cpp">
      <Filter>Source Files</Filter>
    </ClCompile>
    <ClCompile Include="main.cpp">
      <Filter>Source Files</Filter>
    </ClCompile>
    <ClCompile Include="manageclasses.cpp">
      <Filter>Source Files</Filter>
    </ClCompile>
    <ClCompile Include="markingpapers.cpp">
      <Filter>Source Files</Filter>
    </ClCompile>
    <ClCompile Include="newessaypaper.cpp">
      <Filter>Source Files</Filter>
    </ClCompile>
    <ClCompile Include="newhomework.cpp">
      <Filter>Source Files</Filter>
    </ClCompile>
    <ClCompile Include="newmcqpaper.cpp">
      <Filter>Source Files</Filter>
    </ClCompile>
    <ClCompile Include="newmixpaper.cpp">
      <Filter>Source Files</Filter>
    </ClCompile>
    <ClCompile Include="newnote.cpp">
      <Filter>Source Files</Filter>
    </ClCompile>
    <ClCompile Include="newnotecreating.cpp">
      <Filter>Source Files</Filter>
    </ClCompile>
    <ClCompile Include="newuploadordownload.cpp">
      <Filter>Source Files</Filter>
    </ClCompile>
    <ClCompile Include="openhomework.cpp">
      <Filter>Source Files</Filter>
    </ClCompile>
    <ClCompile Include="opennote.cpp">
      <Filter>Source Files</Filter>
    </ClCompile>
    <ClCompile Include="papersummary.cpp">
      <Filter>Source Files</Filter>
    </ClCompile>
    <ClCompile Include="selectpaperformark.cpp">
      <Filter>Source Files</Filter>
    </ClCompile>
    <ClCompile Include="servercliant.cpp">
      <Filter>Source Files</Filter>
    </ClCompile>
    <ClCompile Include="subjectmanage.cpp">
      <Filter>Source Files</Filter>
    </ClCompile>
    <ClCompile Include="teacher.cpp">
      <Filter>Source Files</Filter>
    </ClCompile>
    <ClCompile Include="uploadfile.cpp">
      <Filter>Source Files</Filter>
    </ClCompile>
    <ClCompile Include="uploadmanage.cpp">
      <Filter>Source Files</Filter>
    </ClCompile>
    <ClCompile Include="Debug\moc_classmanage.cpp">
      <Filter>Generated Files\Debug</Filter>
    </ClCompile>
    <ClCompile Include="Release\moc_classmanage.cpp">
      <Filter>Generated Files\Release</Filter>
    </ClCompile>
    <ClCompile Include="Debug\moc_downloadfile.cpp">
      <Filter>Generated Files\Debug</Filter>
    </ClCompile>
    <ClCompile Include="Release\moc_downloadfile.cpp">
      <Filter>Generated Files\Release</Filter>
    </ClCompile>
    <ClCompile Include="Debug\moc_downloadmanage.cpp">
      <Filter>Generated Files\Debug</Filter>
    </ClCompile>
    <ClCompile Include="Release\moc_downloadmanage.cpp">
      <Filter>Generated Files\Release</Filter>
    </ClCompile>
    <ClCompile Include="Debug\moc_editnote.cpp">
      <Filter>Generated Files\Debug</Filter>
    </ClCompile>
    <ClCompile Include="Release\moc_editnote.cpp">
      <Filter>Generated Files\Release</Filter>
    </ClCompile>
    <ClCompile Include="Debug\moc_homeworktool.cpp">
      <Filter>Generated Files\Debug</Filter>
    </ClCompile>
    <ClCompile Include="Release\moc_homeworktool.cpp">
      <Filter>Generated Files\Release</Filter>
    </ClCompile>
    <ClCompile Include="Debug\moc_manageclasses.cpp">
      <Filter>Generated Files\Debug</Filter>
    </ClCompile>
    <ClCompile Include="Release\moc_manageclasses.cpp">
      <Filter>Generated Files\Release</Filter>
    </ClCompile>
    <ClCompile Include="Debug\moc_markingpapers.cpp">
      <Filter>Generated Files\Debug</Filter>
    </ClCompile>
    <ClCompile Include="Release\moc_markingpapers.cpp">
      <Filter>Generated Files\Release</Filter>
    </ClCompile>
    <ClCompile Include="Debug\moc_newessaypaper.cpp">
      <Filter>Generated Files\Debug</Filter>
    </ClCompile>
    <ClCompile Include="Release\moc_newessaypaper.cpp">
      <Filter>Generated Files\Release</Filter>
    </ClCompile>
    <ClCompile Include="Debug\moc_newhomework.cpp">
      <Filter>Generated Files\Debug</Filter>
    </ClCompile>
    <ClCompile Include="Release\moc_newhomework.cpp">
      <Filter>Generated Files\Release</Filter>
    </ClCompile>
    <ClCompile Include="Debug\moc_newmcqpaper.cpp">
      <Filter>Generated Files\Debug</Filter>
    </ClCompile>
    <ClCompile Include="Release\moc_newmcqpaper.cpp">
      <Filter>Generated Files\Release</Filter>
    </ClCompile>
    <ClCompile Include="Debug\moc_newmixpaper.cpp">
      <Filter>Generated Files\Debug</Filter>
    </ClCompile>
    <ClCompile Include="Release\moc_newmixpaper.cpp">
      <Filter>Generated Files\Release</Filter>
    </ClCompile>
    <ClCompile Include="Debug\moc_newnote.cpp">
      <Filter>Generated Files\Debug</Filter>
    </ClCompile>
    <ClCompile Include="Release\moc_newnote.cpp">
      <Filter>Generated Files\Release</Filter>
    </ClCompile>
    <ClCompile Include="Debug\moc_newnotecreating.cpp">
      <Filter>Generated Files\Debug</Filter>
    </ClCompile>
    <ClCompile Include="Release\moc_newnotecreating.cpp">
      <Filter>Generated Files\Release</Filter>
    </ClCompile>
    <ClCompile Include="Debug\moc_newuploadordownload.cpp">
      <Filter>Generated Files\Debug</Filter>
    </ClCompile>
    <ClCompile Include="Release\moc_newuploadordownload.cpp">
      <Filter>Generated Files\Release</Filter>
    </ClCompile>
    <ClCompile Include="Debug\moc_openhomework.cpp">
      <Filter>Generated Files\Debug</Filter>
    </ClCompile>
    <ClCompile Include="Release\moc_openhomework.cpp">
      <Filter>Generated Files\Release</Filter>
    </ClCompile>
    <ClCompile Include="Debug\moc_opennote.cpp">
      <Filter>Generated Files\Debug</Filter>
    </ClCompile>
    <ClCompile Include="Release\moc_opennote.cpp">
      <Filter>Generated Files\Release</Filter>
    </ClCompile>
    <ClCompile Include="Debug\moc_papersummary.cpp">
      <Filter>Generated Files\Debug</Filter>
    </ClCompile>
    <ClCompile Include="Release\moc_papersummary.cpp">
      <Filter>Generated Files\Release</Filter>
    </ClCompile>
    <ClCompile Include="Debug\moc_selectpaperformark.cpp">
      <Filter>Generated Files\Debug</Filter>
    </ClCompile>
    <ClCompile Include="Release\moc_selectpaperformark.cpp">
      <Filter>Generated Files\Release</Filter>
    </ClCompile>
    <ClCompile Include="Debug\moc_servercliant.cpp">
      <Filter>Generated Files\Debug</Filter>
    </ClCompile>
    <ClCompile Include="Release\moc_servercliant.cpp">
      <Filter>Generated Files\Release</Filter>
    </ClCompile>
    <ClCompile Include="Debug\moc_subjectmanage.cpp">
      <Filter>Generated Files\Debug</Filter>
    </ClCompile>
    <ClCompile Include="Release\moc_subjectmanage.cpp">
      <Filter>Generated Files\Release</Filter>
    </ClCompile>
    <ClCompile Include="Debug\moc_teacher.cpp">
      <Filter>Generated Files\Debug</Filter>
    </ClCompile>
    <ClCompile Include="Release\moc_teacher.cpp">
      <Filter>Generated Files\Release</Filter>
    </ClCompile>
    <ClCompile Include="Debug\moc_uploadfile.cpp">
      <Filter>Generated Files\Debug</Filter>
    </ClCompile>
    <ClCompile Include="Release\moc_uploadfile.cpp">
      <Filter>Generated Files\Release</Filter>
    </ClCompile>
    <ClCompile Include="Debug\moc_uploadmanage.cpp">
      <Filter>Generated Files\Debug</Filter>
    </ClCompile>
    <ClCompile Include="Release\moc_uploadmanage.cpp">
      <Filter>Generated Files\Release</Filter>
    </ClCompile>
  </ItemGroup>
  <ItemGroup>
    <CustomBuild Include="classmanage.h">
      <Filter>Header Files</Filter>
    </CustomBuild>
    <CustomBuild Include="downloadfile.h">
      <Filter>Header Files</Filter>
    </CustomBuild>
    <CustomBuild Include="downloadmanage.h">
      <Filter>Header Files</Filter>
    </CustomBuild>
    <CustomBuild Include="editnote.h">
      <Filter>Header Files</Filter>
    </CustomBuild>
    <CustomBuild Include="homeworktool.h">
      <Filter>Header Files</Filter>
    </CustomBuild>
    <CustomBuild Include="manageclasses.h">
      <Filter>Header Files</Filter>
    </CustomBuild>
    <CustomBuild Include="markingpapers.h">
      <Filter>Header Files</Filter>
    </CustomBuild>
    <CustomBuild Include="newessaypaper.h">
      <Filter>Header Files</Filter>
    </CustomBuild>
    <CustomBuild Include="newhomework.h">
      <Filter>Header Files</Filter>
    </CustomBuild>
    <CustomBuild Include="newmcqpaper.h">
      <Filter>Header Files</Filter>
    </CustomBuild>
    <CustomBuild Include="newmixpaper.h">
      <Filter>Header Files</Filter>
    </CustomBuild>
    <CustomBuild Include="newnote.h">
      <Filter>Header Files</Filter>
    </CustomBuild>
    <CustomBuild Include="newnotecreating.h">
      <Filter>Header Files</Filter>
    </CustomBuild>
    <CustomBuild Include="newuploadordownload.h">
      <Filter>Header Files</Filter>
    </CustomBuild>
    <CustomBuild Include="openhomework.h">
      <Filter>Header Files</Filter>
    </CustomBuild>
    <CustomBuild Include="opennote.h">
      <Filter>Header Files</Filter>
    </CustomBuild>
    <CustomBuild Include="papersummary.h">
      <Filter>Header Files</Filter>
    </CustomBuild>
    <CustomBuild Include="selectpaperformark.h">
      <Filter>Header Files</Filter>
    </CustomBuild>
    <CustomBuild Include="servercliant.h">
      <Filter>Header Files</Filter>
    </CustomBuild>
    <CustomBuild Include="subjectmanage.h">
      <Filter>Header Files</Filter>
    </CustomBuild>
    <CustomBuild Include="teacher.h">
      <Filter>Header Files</Filter>
    </CustomBuild>
    <CustomBuild Include="uploadfile.h">
      <Filter>Header Files</Filter>
    </CustomBuild>
    <CustomBuild Include="uploadmanage.h">
      <Filter>Header Files</Filter>
    </CustomBuild>
  </ItemGroup>
  <ItemGroup>
    <CustomBuild Include="classmanage.ui">
      <Filter>Form Files</Filter>
    </CustomBuild>
    <CustomBuild Include="downloadfile.ui">
      <Filter>Form Files</Filter>
    </CustomBuild>
    <CustomBuild Include="downloadmanage.ui">
      <Filter>Form Files</Filter>
    </CustomBuild>
    <CustomBuild Include="editnote.ui">
      <Filter>Form Files</Filter>
    </CustomBuild>
    <CustomBuild Include="homeworktool.ui">
      <Filter>Form Files</Filter>
    </CustomBuild>
    <CustomBuild Include="manageclasses.ui">
      <Filter>Form Files</Filter>
    </CustomBuild>
    <CustomBuild Include="markingpapers.ui">
      <Filter>Form Files</Filter>
    </CustomBuild>
    <CustomBuild Include="newessaypaper.ui">
      <Filter>Form Files</Filter>
    </CustomBuild>
    <CustomBuild Include="newhomework.ui">
      <Filter>Form Files</Filter>
    </CustomBuild>
    <CustomBuild Include="newmcqpaper.ui">
      <Filter>Form Files</Filter>
    </CustomBuild>
    <CustomBuild Include="newmixpaper.ui">
      <Filter>Form Files</Filter>
    </CustomBuild>
    <CustomBuild Include="newnote.ui">
      <Filter>Form Files</Filter>
    </CustomBuild>
    <CustomBuild Include="newnotecreating.ui">
      <Filter>Form Files</Filter>
    </CustomBuild>
    <CustomBuild Include="newuploadordownload.ui">
      <Filter>Form Files</Filter>
    </CustomBuild>
    <CustomBuild Include="openhomework.ui">
      <Filter>Form Files</Filter>
    </CustomBuild>
    <CustomBuild Include="opennote.ui">
      <Filter>Form Files</Filter>
    </CustomBuild>
    <CustomBuild Include="papersummary.ui">
      <Filter>Form Files</Filter>
    </CustomBuild>
    <CustomBuild Include="selectpaperformark.ui">
      <Filter>Form Files</Filter>
    </CustomBuild>
    <CustomBuild Include="subjectmanage.ui">
      <Filter>Form Files</Filter>
    </CustomBuild>
    <CustomBuild Include="teacher.ui">
      <Filter>Form Files</Filter>
    </CustomBuild>
    <CustomBuild Include="uploadfile.ui">
      <Filter>Form Files</Filter>
    </CustomBuild>
    <CustomBuild Include="uploadmanage.ui">
      <Filter>Form Files</Filter>
    </CustomBuild>
  </ItemGroup>
  <ItemGroup>
    <ClInclude Include="GeneratedFiles\ui_classmanage.h">
      <Filter>Generated Files</Filter>
    </ClInclude>
    <ClInclude Include="GeneratedFiles\ui_downloadfile.h">
      <Filter>Generated Files</Filter>
    </ClInclude>
    <ClInclude Include="GeneratedFiles\ui_downloadmanage.h">
      <Filter>Generated Files</Filter>
    </ClInclude>
    <ClInclude Include="GeneratedFiles\ui_editnote.h">
      <Filter>Generated Files</Filter>
    </ClInclude>
    <ClInclude Include="GeneratedFiles\ui_homeworktool.h">
      <Filter>Generated Files</Filter>
    </ClInclude>
    <ClInclude Include="GeneratedFiles\ui_manageclasses.h">
      <Filter>Generated Files</Filter>
    </ClInclude>
    <ClInclude Include="GeneratedFiles\ui_markingpapers.h">
      <Filter>Generated Files</Filter>
    </ClInclude>
    <ClInclude Include="GeneratedFiles\ui_newessaypaper.h">
      <Filter>Generated Files</Filter>
    </ClInclude>
    <ClInclude Include="GeneratedFiles\ui_newhomework.h">
      <Filter>Generated Files</Filter>
    </ClInclude>
    <ClInclude Include="GeneratedFiles\ui_newmcqpaper.h">
      <Filter>Generated Files</Filter>
    </ClInclude>
    <ClInclude Include="GeneratedFiles\ui_newmixpaper.h">
      <Filter>Generated Files</Filter>
    </ClInclude>
    <ClInclude Include="GeneratedFiles\ui_newnote.h">
      <Filter>Generated Files</Filter>
    </ClInclude>
    <ClInclude Include="GeneratedFiles\ui_newnotecreating.h">
      <Filter>Generated Files</Filter>
    </ClInclude>
    <ClInclude Include="GeneratedFiles\ui_newuploadordownload.h">
      <Filter>Generated Files</Filter>
    </ClInclude>
    <ClInclude Include="GeneratedFiles\ui_openhomework.h">
      <Filter>Generated Files</Filter>
    </ClInclude>
    <ClInclude Include="GeneratedFiles\ui_opennote.h">
      <Filter>Generated Files</Filter>
    </ClInclude>
    <ClInclude Include="GeneratedFiles\ui_papersummary.h">
      <Filter>Generated Files</Filter>
    </ClInclude>
    <ClInclude Include="GeneratedFiles\ui_selectpaperformark.h">
      <Filter>Generated Files</Filter>
    </ClInclude>
    <ClInclude Include="GeneratedFiles\ui_subjectmanage.h">
      <Filter>Generated Files</Filter>
    </ClInclude>
    <ClInclude Include="GeneratedFiles\ui_teacher.h">
      <Filter>Generated Files</Filter>
    </ClInclude>
    <ClInclude Include="GeneratedFiles\ui_uploadfile.h">
      <Filter>Generated Files</Filter>
    </ClInclude>
    <ClInclude Include="GeneratedFiles\ui_uploadmanage.h">
      <Filter>Generated Files</Filter>
    </ClInclude>
  </ItemGroup>
</Project>